
Microsoft Visual Studio Solution File, Format Version 12.00
# Visual Studio Version 16
VisualStudioVersion = 16.0.31205.134
MinimumVisualStudioVersion = 10.0.40219.1
Project("{FAE04EC0-301F-11D3-BF4B-00C04F79EFBC}") = "WineRecognition.Android", "WineRecognition\WineRecognition.Android\WineRecognition.Android.csproj", "{0A9DF9B3-E9EA-492A-BA7F-265B0A590FB2}"
EndProject
Project("{9A19103F-16F7-4668-BE54-9A1E7A4F7556}") = "WineRecognition", "WineRecognition\WineRecognition\WineRecognition.csproj", "{B6F87E90-54BA-4D3C-B594-E33FB50AC115}"
EndProject
Project("{FAE04EC0-301F-11D3-BF4B-00C04F79EFBC}") = "BindingJavaAndroidLib", "BindingJavaAndroidLib\BindingJavaAndroidLib.csproj", "{C7C21BB0-E182-4A90-A43D-ECA05451A579}"
EndProject
Global
	GlobalSection(SolutionConfigurationPlatforms) = preSolution
		Debug|Any CPU = Debug|Any CPU
		Release|Any CPU = Release|Any CPU
	EndGlobalSection
	GlobalSection(ProjectConfigurationPlatforms) = postSolution
		{0A9DF9B3-E9EA-492A-BA7F-265B0A590FB2}.Debug|Any CPU.ActiveCfg = Debug|Any CPU
		{0A9DF9B3-E9EA-492A-BA7F-265B0A590FB2}.Debug|Any CPU.Build.0 = Debug|Any CPU
		{0A9DF9B3-E9EA-492A-BA7F-265B0A590FB2}.Debug|Any CPU.Deploy.0 = Debug|Any CPU
		{0A9DF9B3-E9EA-492A-BA7F-265B0A590FB2}.Release|Any CPU.ActiveCfg = Release|Any CPU
		{0A9DF9B3-E9EA-492A-BA7F-265B0A590FB2}.Release|Any CPU.Build.0 = Release|Any CPU
		{0A9DF9B3-E9EA-492A-BA7F-265B0A590FB2}.Release|Any CPU.Deploy.0 = Release|Any CPU
		{B6F87E90-54BA-4D3C-B594-E33FB50AC115}.Debug|Any CPU.ActiveCfg = Debug|Any CPU
		{B6F87E90-54BA-4D3C-B594-E33FB50AC115}.Debug|Any CPU.Build.0 = Debug|Any CPU
		{B6F87E90-54BA-4D3C-B594-E33FB50AC115}.Debug|Any CPU.Deploy.0 = Debug|Any CPU
		{B6F87E90-54BA-4D3C-B594-E33FB50AC115}.Release|Any CPU.ActiveCfg = Release|Any CPU
		{B6F87E90-54BA-4D3C-B594-E33FB50AC115}.Release|Any CPU.Build.0 = Release|Any CPU
		{B6F87E90-54BA-4D3C-B594-E33FB50AC115}.Release|Any CPU.Deploy.0 = Release|Any CPU
		{C7C21BB0-E182-4A90-A43D-ECA05451A579}.Debug|Any CPU.ActiveCfg = Debug|Any CPU
		{C7C21BB0-E182-4A90-A43D-ECA05451A579}.Debug|Any CPU.Build.0 = Debug|Any CPU
		{C7C21BB0-E182-4A90-A43D-ECA05451A579}.Release|Any CPU.ActiveCfg = Release|Any CPU
		{C7C21BB0-E182-4A90-A43D-ECA05451A579}.Release|Any CPU.Build.0 = Release|Any CPU
	EndGlobalSection
	GlobalSection(SolutionProperties) = preSolution
		HideSolutionNode = FALSE
	EndGlobalSection
	GlobalSection(ExtensibilityGlobals) = postSolution
		SolutionGuid = {2FE78F8D-FC21-4B5F-A4B6-44ED29E50163}
	EndGlobalSection
EndGlobal
